
Microsoft Visual Studio Solution File, Format Version 12.00
# Visual Studio Version 17
VisualStudioVersion = 17.0.31903.59
MinimumVisualStudioVersion = 10.0.40219.1
Project("{2150E333-8FDC-42A3-9474-1A3956D46DE8}") = "src", "src", "{827E0CD3-B72D-47B6-A68D-7590B98EB39B}"
EndProject
Project("{FAE04EC0-301F-11D3-BF4B-00C04F79EFBC}") = "Cadence.Web", "src\Cadence.Web\Cadence.Web.csproj", "{D0AC763E-CC6A-4B31-8F92-F0421CDE7D11}"
EndProject
Project("{2150E333-8FDC-42A3-9474-1A3956D46DE8}") = "tests", "tests", "{0AB3BF05-4346-4AA6-1389-037BE0695223}"
EndProject
Project("{FAE04EC0-301F-11D3-BF4B-00C04F79EFBC}") = "Cadence.Tests", "tests\Cadence.Tests\Cadence.Tests.csproj", "{6E447DCE-3B66-4E6D-A570-317604EB1ED7}"
EndProject
Global
	GlobalSection(SolutionConfigurationPlatforms) = preSolution
		Debug|Any CPU = Debug|Any CPU
		Debug|x64 = Debug|x64
		Debug|x86 = Debug|x86
		Release|Any CPU = Release|Any CPU
		Release|x64 = Release|x64
		Release|x86 = Release|x86
	EndGlobalSection
	GlobalSection(ProjectConfigurationPlatforms) = postSolution
		{D0AC763E-CC6A-4B31-8F92-F0421CDE7D11}.Debug|Any CPU.ActiveCfg = Debug|Any CPU
		{D0AC763E-CC6A-4B31-8F92-F0421CDE7D11}.Debug|Any CPU.Build.0 = Debug|Any CPU
		{D0AC763E-CC6A-4B31-8F92-F0421CDE7D11}.Debug|x64.ActiveCfg = Debug|Any CPU
		{D0AC763E-CC6A-4B31-8F92-F0421CDE7D11}.Debug|x64.Build.0 = Debug|Any CPU
		{D0AC763E-CC6A-4B31-8F92-F0421CDE7D11}.Debug|x86.ActiveCfg = Debug|Any CPU
		{D0AC763E-CC6A-4B31-8F92-F0421CDE7D11}.Debug|x86.Build.0 = Debug|Any CPU
		{D0AC763E-CC6A-4B31-8F92-F0421CDE7D11}.Release|Any CPU.ActiveCfg = Release|Any CPU
		{D0AC763E-CC6A-4B31-8F92-F0421CDE7D11}.Release|Any CPU.Build.0 = Release|Any CPU
		{D0AC763E-CC6A-4B31-8F92-F0421CDE7D11}.Release|x64.ActiveCfg = Release|Any CPU
		{D0AC763E-CC6A-4B31-8F92-F0421CDE7D11}.Release|x64.Build.0 = Release|Any CPU
		{D0AC763E-CC6A-4B31-8F92-F0421CDE7D11}.Release|x86.ActiveCfg = Release|Any CPU
		{D0AC763E-CC6A-4B31-8F92-F0421CDE7D11}.Release|x86.Build.0 = Release|Any CPU
		{6E447DCE-3B66-4E6D-A570-317604EB1ED7}.Debug|Any CPU.ActiveCfg = Debug|Any CPU
		{6E447DCE-3B66-4E6D-A570-317604EB1ED7}.Debug|Any CPU.Build.0 = Debug|Any CPU
		{6E447DCE-3B66-4E6D-A570-317604EB1ED7}.Debug|x64.ActiveCfg = Debug|Any CPU
		{6E447DCE-3B66-4E6D-A570-317604EB1ED7}.Debug|x64.Build.0 = Debug|Any CPU
		{6E447DCE-3B66-4E6D-A570-317604EB1ED7}.Debug|x86.ActiveCfg = Debug|Any CPU
		{6E447DCE-3B66-4E6D-A570-317604EB1ED7}.Debug|x86.Build.0 = Debug|Any CPU
		{6E447DCE-3B66-4E6D-A570-317604EB1ED7}.Release|Any CPU.ActiveCfg = Release|Any CPU
		{6E447DCE-3B66-4E6D-A570-317604EB1ED7}.Release|Any CPU.Build.0 = Release|Any CPU
		{6E447DCE-3B66-4E6D-A570-317604EB1ED7}.Release|x64.ActiveCfg = Release|Any CPU
		{6E447DCE-3B66-4E6D-A570-317604EB1ED7}.Release|x64.Build.0 = Release|Any CPU
		{6E447DCE-3B66-4E6D-A570-317604EB1ED7}.Release|x86.ActiveCfg = Release|Any CPU
		{6E447DCE-3B66-4E6D-A570-317604EB1ED7}.Release|x86.Build.0 = Release|Any CPU
	EndGlobalSection
	GlobalSection(SolutionProperties) = preSolution
		HideSolutionNode = FALSE
	EndGlobalSection
	GlobalSection(NestedProjects) = preSolution
		{D0AC763E-CC6A-4B31-8F92-F0421CDE7D11} = {827E0CD3-B72D-47B6-A68D-7590B98EB39B}
		{6E447DCE-3B66-4E6D-A570-317604EB1ED7} = {0AB3BF05-4346-4AA6-1389-037BE0695223}
	EndGlobalSection
EndGlobal
